{
  "name": "aws-rest-with-dynamodb",
  "version": "1.0.0",
  "lockfileVersion": 2,
  "requires": true,
  "packages": {
    "": {
      "name": "aws-rest-with-dynamodb",
      "version": "1.0.0",
      "license": "MIT",
      "dependencies": {
        "uuid": "^2.0.3"
      }
    },
    "node_modules/uuid": {
      "version": "2.0.3",
      "license": "MIT"
    }
  },
  "dependencies": {
    "uuid": {
      "version": "2.0.3"
    }
  }
}
